
Microsoft Visual Studio Solution File, Format Version 12.00
# Visual Studio Version 17
VisualStudioVersion = 17.4.33110.190
MinimumVisualStudioVersion = 10.0.40219.1
Project("{FAE04EC0-301F-11D3-BF4B-00C04F79EFBC}") = "WixSharpFluent", "WixSharpFluent.csproj", "{6A2CF35D-1FCD-426B-A7CE-04ED0ED6B660}"
EndProject
Global
	GlobalSection(SolutionConfigurationPlatforms) = preSolution
		Debug|Any CPU = Debug|Any CPU
		Release|Any CPU = Release|Any CPU
	EndGlobalSection
	GlobalSection(ProjectConfigurationPlatforms) = postSolution
		{6A2CF35D-1FCD-426B-A7CE-04ED0ED6B660}.Debug|Any CPU.ActiveCfg = Debug|Any CPU
		{6A2CF35D-1FCD-426B-A7CE-04ED0ED6B660}.Debug|Any CPU.Build.0 = Debug|Any CPU
		{6A2CF35D-1FCD-426B-A7CE-04ED0ED6B660}.Release|Any CPU.ActiveCfg = Release|Any CPU
		{6A2CF35D-1FCD-426B-A7CE-04ED0ED6B660}.Release|Any CPU.Build.0 = Release|Any CPU
	EndGlobalSection
	GlobalSection(SolutionProperties) = preSolution
		HideSolutionNode = FALSE
	EndGlobalSection
	GlobalSection(ExtensibilityGlobals) = postSolution
		SolutionGuid = {E0334D31-DAEA-486A-84DF-DC5C290EE1A9}
	EndGlobalSection
EndGlobal
