
Microsoft Visual Studio Solution File, Format Version 12.00
# Visual Studio Version 17
VisualStudioVersion = 17.4.33110.190
MinimumVisualStudioVersion = 10.0.40219.1
Project("{FAE04EC0-301F-11D3-BF4B-00C04F79EFBC}") = "WixSharpFluent.Tests", "WixSharpFluent.Tests\WixSharpFluent.Tests.csproj", "{922355D1-BAF2-474F-84B5-E25A48B1F53A}"
EndProject
Project("{9A19103F-16F7-4668-BE54-9A1E7A4F7556}") = "WixSharpFluent", "WixSharpFluent\WixSharpFluent.csproj", "{58FC668A-7DAF-41BF-A7BA-22D762D19DC7}"
EndProject
Global
	GlobalSection(SolutionConfigurationPlatforms) = preSolution
		Debug|Any CPU = Debug|Any CPU
		Release|Any CPU = Release|Any CPU
	EndGlobalSection
	GlobalSection(ProjectConfigurationPlatforms) = postSolution
		{922355D1-BAF2-474F-84B5-E25A48B1F53A}.Debug|Any CPU.ActiveCfg = Debug|Any CPU
		{922355D1-BAF2-474F-84B5-E25A48B1F53A}.Debug|Any CPU.Build.0 = Debug|Any CPU
		{922355D1-BAF2-474F-84B5-E25A48B1F53A}.Release|Any CPU.ActiveCfg = Release|Any CPU
		{922355D1-BAF2-474F-84B5-E25A48B1F53A}.Release|Any CPU.Build.0 = Release|Any CPU
		{58FC668A-7DAF-41BF-A7BA-22D762D19DC7}.Debug|Any CPU.ActiveCfg = Debug|Any CPU
		{58FC668A-7DAF-41BF-A7BA-22D762D19DC7}.Debug|Any CPU.Build.0 = Debug|Any CPU
		{58FC668A-7DAF-41BF-A7BA-22D762D19DC7}.Release|Any CPU.ActiveCfg = Release|Any CPU
		{58FC668A-7DAF-41BF-A7BA-22D762D19DC7}.Release|Any CPU.Build.0 = Release|Any CPU
	EndGlobalSection
	GlobalSection(SolutionProperties) = preSolution
		HideSolutionNode = FALSE
	EndGlobalSection
	GlobalSection(ExtensibilityGlobals) = postSolution
		SolutionGuid = {E0334D31-DAEA-486A-84DF-DC5C290EE1A9}
	EndGlobalSection
EndGlobal
